Microsoft Visual Studio Solution File, Format Version 12.00
# Visual Studio Version 17
VisualStudioVersion = 17.5.2.0
MinimumVisualStudioVersion = 10.0.40219.1
Project("{FAE04EC0-301F-11D3-BF4B-00C04F79EFBC}") = "WinApp", "WinApp.csproj", "{835083D2-8AF1-0ACB-74F7-D0EF3BEE9224}"
EndProject
Global
	GlobalSection(SolutionConfigurationPlatforms) = preSolution
		Debug|Any CPU = Debug|Any CPU
		Release|Any CPU = Release|Any CPU
	EndGlobalSection
	GlobalSection(ProjectConfigurationPlatforms) = postSolution
		{835083D2-8AF1-0ACB-74F7-D0EF3BEE9224}.Debug|Any CPU.ActiveCfg = Debug|Any CPU
		{835083D2-8AF1-0ACB-74F7-D0EF3BEE9224}.Debug|Any CPU.Build.0 = Debug|Any CPU
		{835083D2-8AF1-0ACB-74F7-D0EF3BEE9224}.Release|Any CPU.ActiveCfg = Release|Any CPU
		{835083D2-8AF1-0ACB-74F7-D0EF3BEE9224}.Release|Any CPU.Build.0 = Release|Any CPU
	EndGlobalSection
	GlobalSection(SolutionProperties) = preSolution
		HideSolutionNode = FALSE
	EndGlobalSection
	GlobalSection(ExtensibilityGlobals) = postSolution
		SolutionGuid = {9D5FDA31-61E6-4771-8FC5-51876A86880A}
	EndGlobalSection
EndGlobal
